// !$*UTF8*$!
{
	archiveVersion = 1;
	classes = {
	};
	objectVersion = 48;
	objects = {

/* Begin PBXBuildFile section */
		E92796281FA74A35006BD85E /* AppDelegate.swift in Sources */ = {isa = PBXBuildFile; fileRef = E92796271FA74A35006BD85E /* AppDelegate.swift */; };
		E927962A1FA74A35006BD85E /* ViewController.swift in Sources */ = {isa = PBXBuildFile; fileRef = E92796291FA74A35006BD85E /* ViewController.swift */; };
		E927962D1FA74A35006BD85E /* Main.storyboard in Resources */ = {isa = PBXBuildFile; fileRef = E927962B1FA74A35006BD85E /* Main.storyboard */; };
		E927962F1FA74A35006BD85E /* Assets.xcassets in Resources */ = {isa = PBXBuildFile; fileRef = E927962E1FA74A35006BD85E /* Assets.xcassets */; };
		E92796321FA74A35006BD85E /* LaunchScreen.storyboard in Resources */ = {isa = PBXBuildFile; fileRef = E92796301FA74A35006BD85E /* LaunchScreen.storyboard */; };
		E927963D1FA74A36006BD85E /* ExerciseTests.swift in Sources */ = {isa = PBXBuildFile; fileRef = E927963C1FA74A36006BD85E /* ExerciseTests.swift */; };
		E92796481FA74A36006BD85E /* ExerciseUITests.swift in Sources */ = {isa = PBXBuildFile; fileRef = E92796471FA74A36006BD85E /* ExerciseUITests.swift */; };
/* End PBXBuildFile section */

/* Begin PBXContainerItemProxy section */
		E92796391FA74A36006BD85E /* PBXContainerItemProxy */ = {
			isa = PBXContainerItemProxy;
			containerPortal = E927961C1FA74A35006BD85E /* Project object */;
			proxyType = 1;
			remoteGlobalIDString = E92796231FA74A35006BD85E;
			remoteInfo = Exercise;
		};
		E92796441FA74A36006BD85E /* PBXContainerItemProxy */ = {
			isa = PBXContainerItemProxy;
			containerPortal = E927961C1FA74A35006BD85E /* Project object */;
			proxyType = 1;
			remoteGlobalIDString = E92796231FA74A35006BD85E;
			remoteInfo = Exercise;
		};
/* End PBXContainerItemProxy section */

/* Begin PBXFileReference section */
		E92796241FA74A35006BD85E /* Exercise.app */ = {isa = PBXFileReference; explicitFileType = wrapper.application; includeInIndex = 0; path = Exercise.app; sourceTree = BUILT_PRODUCTS_DIR; };
		E92796271FA74A35006BD85E /* AppDelegate.swift */ = {isa = PBXFileReference; lastKnownFileType = sourcecode.swift; path = AppDelegate.swift; sourceTree = "<group>"; };
		E92796291FA74A35006BD85E /* ViewController.swift */ = {isa = PBXFileReference; lastKnownFileType = sourcecode.swift; path = ViewController.swift; sourceTree = "<group>"; };
		E927962C1FA74A35006BD85E /* Base */ = {isa = PBXFileReference; lastKnownFileType = file.storyboard; name = Base; path = Base.lproj/Main.storyboard; sourceTree = "<group>"; };
		E927962E1FA74A35006BD85E /* Assets.xcassets */ = {isa = PBXFileReference; lastKnownFileType = folder.assetcatalog; path = Assets.xcassets; sourceTree = "<group>"; };
		E92796311FA74A35006BD85E /* Base */ = {isa = PBXFileReference; lastKnownFileType = file.storyboard; name = Base; path = Base.lproj/LaunchScreen.storyboard; sourceTree = "<group>"; };
		E92796331FA74A35006BD85E /* Info.plist */ = {isa = PBXFileReference; lastKnownFileType = text.plist.xml; path = Info.plist; sourceTree = "<group>"; };
		E92796381FA74A36006BD85E /* ExerciseTests.xctest */ = {isa = PBXFileReference; explicitFileType = wrapper.cfbundle; includeInIndex = 0; path = ExerciseTests.xctest; sourceTree = BUILT_PRODUCTS_DIR; };
		E927963C1FA74A36006BD85E /* ExerciseTests.swift */ = {isa = PBXFileReference; lastKnownFileType = sourcecode.swift; path = ExerciseTests.swift; sourceTree = "<group>"; };
		E927963E1FA74A36006BD85E /* Info.plist */ = {isa = PBXFileReference; lastKnownFileType = text.plist.xml; path = Info.plist; sourceTree = "<group>"; };
		E92796431FA74A36006BD85E /* ExerciseUITests.xctest */ = {isa = PBXFileReference; explicitFileType = wrapper.cfbundle; includeInIndex = 0; path = ExerciseUITests.xctest; sourceTree = BUILT_PRODUCTS_DIR; };
		E92796471FA74A36006BD85E /* ExerciseUITests.swift */ = {isa = PBXFileReference; lastKnownFileType = sourcecode.swift; path = ExerciseUITests.swift; sourceTree = "<group>"; };
		E92796491FA74A36006BD85E /* Info.plist */ = {isa = PBXFileReference; lastKnownFileType = text.plist.xml; path = Info.plist; sourceTree = "<group>"; };
/* End PBXFileReference section */

/* Begin PBXFrameworksBuildPhase section */
		E92796211FA74A35006BD85E /* Frameworks */ = {
			isa = PBXFrameworksBuildPhase;
			buildActionMask = 2147483647;
			files = (
			);
			runOnlyForDeploymentPostprocessing = 0;
		};
		E92796351FA74A36006BD85E /* Frameworks */ = {
			isa = PBXFrameworksBuildPhase;
			buildActionMask = 2147483647;
			files = (
			);
			runOnlyForDeploymentPostprocessing = 0;
		};
		E92796401FA74A36006BD85E /* Frameworks */ = {
			isa = PBXFrameworksBuildPhase;
			buildActionMask = 2147483647;
			files = (
			);
			runOnlyForDeploymentPostprocessing = 0;
		};
/* End PBXFrameworksBuildPhase section */

/* Begin PBXGroup section */
		E927961B1FA74A35006BD85E = {
			isa = PBXGroup;
			children = (
				E92796261FA74A35006BD85E /* Exercise */,
				E927963B1FA74A36006BD85E /* ExerciseTests */,
				E92796461FA74A36006BD85E /* ExerciseUITests */,
				E92796251FA74A35006BD85E /* Products */,
			);
			sourceTree = "<group>";
		};
		E92796251FA74A35006BD85E /* Products */ = {
			isa = PBXGroup;
			children = (
				E92796241FA74A35006BD85E /* Exercise.app */,
				E92796381FA74A36006BD85E /* ExerciseTests.xctest */,
				E92796431FA74A36006BD85E /* ExerciseUITests.xctest */,
			);
			name = Products;
			sourceTree = "<group>";
		};
		E92796261FA74A35006BD85E /* Exercise */ = {
			isa = PBXGroup;
			children = (
				E92796271FA74A35006BD85E /* AppDelegate.swift */,
				E92796291FA74A35006BD85E /* ViewController.swift */,
				E927962B1FA74A35006BD85E /* Main.storyboard */,
				E927962E1FA74A35006BD85E /* Assets.xcassets */,
				E92796301FA74A35006BD85E /* LaunchScreen.storyboard */,
				E92796331FA74A35006BD85E /* Info.plist */,
			);
			path = Exercise;
			sourceTree = "<group>";
		};
		E927963B1FA74A36006BD85E /* ExerciseTests */ = {
			isa = PBXGroup;
			children = (
				E927963C1FA74A36006BD85E /* ExerciseTests.swift */,
				E927963E1FA74A36006BD85E /* Info.plist */,
			);
			path = ExerciseTests;
			sourceTree = "<group>";
		};
		E92796461FA74A36006BD85E /* ExerciseUITests */ = {
			isa = PBXGroup;
			children = (
				E92796471FA74A36006BD85E /* ExerciseUITests.swift */,
				E92796491FA74A36006BD85E /* Info.plist */,
			);
			path = ExerciseUITests;
			sourceTree = "<group>";
		};
/* End PBXGroup section */

/* Begin PBXNativeTarget section */
		E92796231FA74A35006BD85E /* Exercise */ = {
			isa = PBXNativeTarget;
			buildConfigurationList = E927964C1FA74A36006BD85E /* Build configuration list for PBXNativeTarget "Exercise" */;
			buildPhases = (
				E92796201FA74A35006BD85E /* Sources */,
				E92796211FA74A35006BD85E /* Frameworks */,
				E92796221FA74A35006BD85E /* Resources */,
			);
			buildRules = (
			);
			dependencies = (
			);
			name = Exercise;
			productName = Exercise;
			productReference = E92796241FA74A35006BD85E /* Exercise.app */;
			productType = "com.apple.product-type.application";
		};
		E92796371FA74A36006BD85E /* ExerciseTests */ = {
			isa = PBXNativeTarget;
			buildConfigurationList = E927964F1FA74A36006BD85E /* Build configuration list for PBXNativeTarget "ExerciseTests" */;
			buildPhases = (
				E92796341FA74A36006BD85E /* Sources */,
				E92796351FA74A36006BD85E /* Frameworks */,
				E92796361FA74A36006BD85E /* Resources */,
			);
			buildRules = (
			);
			dependencies = (
				E927963A1FA74A36006BD85E /* PBXTargetDependency */,
			);
			name = ExerciseTests;
			productName = ExerciseTests;
			productReference = E92796381FA74A36006BD85E /* ExerciseTests.xctest */;
			productType = "com.apple.product-type.bundle.unit-test";
		};
		E92796421FA74A36006BD85E /* ExerciseUITests */ = {
			isa = PBXNativeTarget;
			buildConfigurationList = E92796521FA74A36006BD85E /* Build configuration list for PBXNativeTarget "ExerciseUITests" */;
			buildPhases = (
				E927963F1FA74A36006BD85E /* Sources */,
				E92796401FA74A36006BD85E /* Frameworks */,
				E92796411FA74A36006BD85E /* Resources */,
			);
			buildRules = (
			);
			dependencies = (
				E92796451FA74A36006BD85E /* PBXTargetDependency */,
			);
			name = ExerciseUITests;
			productName = ExerciseUITests;
			productReference = E92796431FA74A36006BD85E /* ExerciseUITests.xctest */;
			productType = "com.apple.product-type.bundle.ui-testing";
		};
/* End PBXNativeTarget section */

/* Begin PBXProject section */
		E927961C1FA74A35006BD85E /* Project object */ = {
			isa = PBXProject;
			attributes = {
				LastSwiftUpdateCheck = 0900;
				LastUpgradeCheck = 0900;
				TargetAttributes = {
					E92796231FA74A35006BD85E = {
						CreatedOnToolsVersion = 9.0.1;
						ProvisioningStyle = Automatic;
					};
					E92796371FA74A36006BD85E = {
						CreatedOnToolsVersion = 9.0.1;
						ProvisioningStyle = Automatic;
						TestTargetID = E92796231FA74A35006BD85E;
					};
					E92796421FA74A36006BD85E = {
						CreatedOnToolsVersion = 9.0.1;
						ProvisioningStyle = Automatic;
						TestTargetID = E92796231FA74A35006BD85E;
					};
				};
			};
			buildConfigurationList = E927961F1FA74A35006BD85E /* Build configuration list for PBXProject "Exercise" */;
			compatibilityVersion = "Xcode 8.0";
			developmentRegion = en;
			hasScannedForEncodings = 0;
			knownRegions = (
				en,
				Base,
			);
			mainGroup = E927961B1FA74A35006BD85E;
			productRefGroup = E92796251FA74A35006BD85E /* Products */;
			projectDirPath = "";
			projectRoot = "";
			targets = (
				E92796231FA74A35006BD85E /* Exercise */,
				E92796371FA74A36006BD85E /* ExerciseTests */,
				E92796421FA74A36006BD85E /* ExerciseUITests */,
			);
		};
/* End PBXProject section */

/* Begin PBXResourcesBuildPhase section */
		E92796221FA74A35006BD85E /* Resources */ = {
			isa = PBXResourcesBuildPhase;
			buildActionMask = 2147483647;
			files = (
				E92796321FA74A35006BD85E /* LaunchScreen.storyboard in Resources */,
				E927962F1FA74A35006BD85E /* Assets.xcassets in Resources */,
				E927962D1FA74A35006BD85E /* Main.storyboard in Resources */,
			);
			runOnlyForDeploymentPostprocessing = 0;
		};
		E92796361FA74A36006BD85E /* Resources */ = {
			isa = PBXResourcesBuildPhase;
			buildActionMask = 2147483647;
			files = (
			);
			runOnlyForDeploymentPostprocessing = 0;
		};
		E92796411FA74A36006BD85E /* Resources */ = {
			isa = PBXResourcesBuildPhase;
			buildActionMask = 2147483647;
			files = (
			);
			runOnlyForDeploymentPostprocessing = 0;
		};
/* End PBXResourcesBuildPhase section */

/* Begin PBXSourcesBuildPhase section */
		E92796201FA74A35006BD85E /* Sources */ = {
			isa = PBXSourcesBuildPhase;
			buildActionMask = 2147483647;
			files = (
				E927962A1FA74A35006BD85E /* ViewController.swift in Sources */,
				E92796281FA74A35006BD85E /* AppDelegate.swift in Sources */,
			);
			runOnlyForDeploymentPostprocessing = 0;
		};
		E92796341FA74A36006BD85E /* Sources */ = {
			isa = PBXSourcesBuildPhase;
			buildActionMask = 2147483647;
			files = (
				E927963D1FA74A36006BD85E /* ExerciseTests.swift in Sources */,
			);
			runOnlyForDeploymentPostprocessing = 0;
		};
		E927963F1FA74A36006BD85E /* Sources */ = {
			isa = PBXSourcesBuildPhase;
			buildActionMask = 2147483647;
			files = (
				E92796481FA74A36006BD85E /* ExerciseUITests.swift in Sources */,
			);
			runOnlyForDeploymentPostprocessing = 0;
		};
/* End PBXSourcesBuildPhase section */

/* Begin PBXTargetDependency section */
		E927963A1FA74A36006BD85E /* PBXTargetDependency */ = {
			isa = PBXTargetDependency;
			target = E92796231FA74A35006BD85E /* Exercise */;
			targetProxy = E92796391FA74A36006BD85E /* PBXContainerItemProxy */;
		};
		E92796451FA74A36006BD85E /* PBXTargetDependency */ = {
			isa = PBXTargetDependency;
			target = E92796231FA74A35006BD85E /* Exercise */;
			targetProxy = E92796441FA74A36006BD85E /* PBXContainerItemProxy */;
		};
/* End PBXTargetDependency section */

/* Begin PBXVariantGroup section */
		E927962B1FA74A35006BD85E /* Main.storyboard */ = {
			isa = PBXVariantGroup;
			children = (
				E927962C1FA74A35006BD85E /* Base */,
			);
			name = Main.storyboard;
			sourceTree = "<group>";
		};
		E92796301FA74A35006BD85E /* LaunchScreen.storyboard */ = {
			isa = PBXVariantGroup;
			children = (
				E92796311FA74A35006BD85E /* Base */,
			);
			name = LaunchScreen.storyboard;
			sourceTree = "<group>";
		};
/* End PBXVariantGroup section */

/* Begin XCBuildConfiguration section */
		E927964A1FA74A36006BD85E /* Debug */ = {
			isa = XCBuildConfiguration;
			buildSettings = {
				ALWAYS_SEARCH_USER_PATHS = NO;
				CLANG_ANALYZER_NONNULL = YES;
				CLANG_ANALYZER_NUMBER_OBJECT_CONVERSION = YES_AGGRESSIVE;
				CLANG_CXX_LANGUAGE_STANDARD = "gnu++14";
				CLANG_CXX_LIBRARY = "libc++";
				CLANG_ENABLE_MODULES = YES;
				CLANG_ENABLE_OBJC_ARC = YES;
				CLANG_WARN_BLOCK_CAPTURE_AUTORELEASING = YES;
				CLANG_WARN_BOOL_CONVERSION = YES;
				CLANG_WARN_COMMA = YES;
				CLANG_WARN_CONSTANT_CONVERSION = YES;
				CLANG_WARN_DIRECT_OBJC_ISA_USAGE = YES_ERROR;
				CLANG_WARN_DOCUMENTATION_COMMENTS = YES;
				CLANG_WARN_EMPTY_BODY = YES;
				CLANG_WARN_ENUM_CONVERSION = YES;
				CLANG_WARN_INFINITE_RECURSION = YES;
				CLANG_WARN_INT_CONVERSION = YES;
				CLANG_WARN_NON_LITERAL_NULL_CONVERSION = YES;
				CLANG_WARN_OBJC_LITERAL_CONVERSION = YES;
				CLANG_WARN_OBJC_ROOT_CLASS = YES_ERROR;
				CLANG_WARN_RANGE_LOOP_ANALYSIS = YES;
				CLANG_WARN_STRICT_PROTOTYPES = YES;
				CLANG_WARN_SUSPICIOUS_MOVE = YES;
				CLANG_WARN_UNGUARDED_AVAILABILITY = YES_AGGRESSIVE;
				CLANG_WARN_UNREACHABLE_CODE = YES;
				CLANG_WARN__DUPLICATE_METHOD_MATCH = YES;
				CODE_SIGN_IDENTITY = "iPhone Developer";
				COPY_PHASE_STRIP = NO;
				DEBUG_INFORMATION_FORMAT = dwarf;
				ENABLE_STRICT_OBJC_MSGSEND = YES;
				ENABLE_TESTABILITY = YES;
				GCC_C_LANGUAGE_STANDARD = gnu11;
				GCC_DYNAMIC_NO_PIC = NO;
				GCC_NO_COMMON_BLOCKS = YES;
				GCC_OPTIMIZATION_LEVEL = 0;
				GCC_PREPROCESSOR_DEFINITIONS = (
					"DEBUG=1",
					"$(inherited)",
				);
				GCC_WARN_64_TO_32_BIT_CONVERSION = YES;
				GCC_WARN_ABOUT_RETURN_TYPE = YES_ERROR;
				GCC_WARN_UNDECLARED_SELECTOR = YES;
				GCC_WARN_UNINITIALIZED_AUTOS = YES_AGGRESSIVE;
				GCC_WARN_UNUSED_FUNCTION = YES;
				GCC_WARN_UNUSED_VARIABLE = YES;
				IPHONEOS_DEPLOYMENT_TARGET = 11.0;
				MTL_ENABLE_DEBUG_INFO = YES;
				ONLY_ACTIVE_ARCH = YES;
				SDKROOT = iphoneos;
				SWIFT_ACTIVE_COMPILATION_CONDITIONS = DEBUG;
				SWIFT_OPTIMIZATION_LEVEL = "-Onone";
			};
			name = Debug;
		};
		E927964B1FA74A36006BD85E /* Release */ = {
			isa = XCBuildConfiguration;
			buildSettings = {
				ALWAYS_SEARCH_USER_PATHS = NO;
				CLANG_ANALYZER_NONNULL = YES;
				CLANG_ANALYZER_NUMBER_OBJECT_CONVERSION = YES_AGGRESSIVE;
				CLANG_CXX_LANGUAGE_STANDARD = "gnu++14";
				CLANG_CXX_LIBRARY = "libc++";
				CLANG_ENABLE_MODULES = YES;
				CLANG_ENABLE_OBJC_ARC = YES;
				CLANG_WARN_BLOCK_CAPTURE_AUTORELEASING = YES;
				CLANG_WARN_BOOL_CONVERSION = YES;
				CLANG_WARN_COMMA = YES;
				CLANG_WARN_CONSTANT_CONVERSION = YES;
				CLANG_WARN_DIRECT_OBJC_ISA_USAGE = YES_ERROR;
				CLANG_WARN_DOCUMENTATION_COMMENTS = YES;
				CLANG_WARN_EMPTY_BODY = YES;
				CLANG_WARN_ENUM_CONVERSION = YES;
				CLANG_WARN_INFINITE_RECURSION = YES;
				CLANG_WARN_INT_CONVERSION = YES;
				CLANG_WARN_NON_LITERAL_NULL_CONVERSION = YES;
				CLANG_WARN_OBJC_LITERAL_CONVERSION = YES;
				CLANG_WARN_OBJC_ROOT_CLASS = YES_ERROR;
				CLANG_WARN_RANGE_LOOP_ANALYSIS = YES;
				CLANG_WARN_STRICT_PROTOTYPES = YES;
				CLANG_WARN_SUSPICIOUS_MOVE = YES;
				CLANG_WARN_UNGUARDED_AVAILABILITY = YES_AGGRESSIVE;
				CLANG_WARN_UNREACHABLE_CODE = YES;
				CLANG_WARN__DUPLICATE_METHOD_MATCH = YES;
				CODE_SIGN_IDENTITY = "iPhone Developer";
				COPY_PHASE_STRIP = NO;
				DEBUG_INFORMATION_FORMAT = "dwarf-with-dsym";
				ENABLE_NS_ASSERTIONS = NO;
				ENABLE_STRICT_OBJC_MSGSEND = YES;
				GCC_C_LANGUAGE_STANDARD = gnu11;
				GCC_NO_COMMON_BLOCKS = YES;
				GCC_WARN_64_TO_32_BIT_CONVERSION = YES;
				GCC_WARN_ABOUT_RETURN_TYPE = YES_ERROR;
				GCC_WARN_UNDECLARED_SELECTOR = YES;
				GCC_WARN_UNINITIALIZED_AUTOS = YES_AGGRESSIVE;
				GCC_WARN_UNUSED_FUNCTION = YES;
				GCC_WARN_UNUSED_VARIABLE = YES;
				IPHONEOS_DEPLOYMENT_TARGET = 11.0;
				MTL_ENABLE_DEBUG_INFO = NO;
				SDKROOT = iphoneos;
				SWIFT_OPTIMIZATION_LEVEL = "-Owholemodule";
				VALIDATE_PRODUCT = YES;
			};
			name = Release;
		};
		E927964D1FA74A36006BD85E /* Debug */ = {
			isa = XCBuildConfiguration;
			buildSettings = {
				ASSETCATALOG_COMPILER_APPICON_NAME = AppIcon;
				CODE_SIGN_STYLE = Automatic;
				INFOPLIST_FILE = Exercise/Info.plist;
				LD_RUNPATH_SEARCH_PATHS = "$(inherited) @executable_path/Frameworks";
				PRODUCT_BUNDLE_IDENTIFIER = "no-1.Exercise";
				PRODUCT_NAME = "$(TARGET_NAME)";
				SWIFT_VERSION = 4.0;
				TARGETED_DEVICE_FAMILY = "1,2";
			};
			name = Debug;
		};
		E927964E1FA74A36006BD85E /* Release */ = {
			isa = XCBuildConfiguration;
			buildSettings = {
				ASSETCATALOG_COMPILER_APPICON_NAME = AppIcon;
				CODE_SIGN_STYLE = Automatic;
				INFOPLIST_FILE = Exercise/Info.plist;
				LD_RUNPATH_SEARCH_PATHS = "$(inherited) @executable_path/Frameworks";
				PRODUCT_BUNDLE_IDENTIFIER = "no-1.Exercise";
				PRODUCT_NAME = "$(TARGET_NAME)";
				SWIFT_VERSION = 4.0;
				TARGETED_DEVICE_FAMILY = "1,2";
			};
			name = Release;
		};
		E92796501FA74A36006BD85E /* Debug */ = {
			isa = XCBuildConfiguration;
			buildSettings = {
				ALWAYS_EMBED_SWIFT_STANDARD_LIBRARIES = YES;
				BUNDLE_LOADER = "$(TEST_HOST)";
				CODE_SIGN_STYLE = Automatic;
				INFOPLIST_FILE = ExerciseTests/Info.plist;
				LD_RUNPATH_SEARCH_PATHS = "$(inherited) @executable_path/Frameworks @loader_path/Frameworks";
				PRODUCT_BUNDLE_IDENTIFIER = "no-1.ExerciseTests";
				PRODUCT_NAME = "$(TARGET_NAME)";
				SWIFT_VERSION = 4.0;
				TARGETED_DEVICE_FAMILY = "1,2";
				TEST_HOST = "$(BUILT_PRODUCTS_DIR)/Exercise.app/Exercise";
			};
			name = Debug;
		};
		E92796511FA74A36006BD85E /* Release */ = {
			isa = XCBuildConfiguration;
			buildSettings = {
				ALWAYS_EMBED_SWIFT_STANDARD_LIBRARIES = YES;
				BUNDLE_LOADER = "$(TEST_HOST)";
				CODE_SIGN_STYLE = Automatic;
				INFOPLIST_FILE = ExerciseTests/Info.plist;
				LD_RUNPATH_SEARCH_PATHS = "$(inherited) @executable_path/Frameworks @loader_path/Frameworks";
				PRODUCT_BUNDLE_IDENTIFIER = "no-1.ExerciseTests";
				PRODUCT_NAME = "$(TARGET_NAME)";
				SWIFT_VERSION = 4.0;
				TARGETED_DEVICE_FAMILY = "1,2";
				TEST_HOST = "$(BUILT_PRODUCTS_DIR)/Exercise.app/Exercise";
			};
			name = Release;
		};
		E92796531FA74A36006BD85E /* Debug */ = {
			isa = XCBuildConfiguration;
			buildSettings = {
				ALWAYS_EMBED_SWIFT_STANDARD_LIBRARIES = YES;
				CODE_SIGN_STYLE = Automatic;
				INFOPLIST_FILE = ExerciseUITests/Info.plist;
				LD_RUNPATH_SEARCH_PATHS = "$(inherited) @executable_path/Frameworks @loader_path/Frameworks";
				PRODUCT_BUNDLE_IDENTIFIER = "no-1.ExerciseUITests";
				PRODUCT_NAME = "$(TARGET_NAME)";
				SWIFT_VERSION = 4.0;
				TARGETED_DEVICE_FAMILY = "1,2";
				TEST_TARGET_NAME = Exercise;
			};
			name = Debug;
		};
		E92796541FA74A36006BD85E /* Release */ = {
			isa = XCBuildConfiguration;
			buildSettings = {
				ALWAYS_EMBED_SWIFT_STANDARD_LIBRARIES = YES;
				CODE_SIGN_STYLE = Automatic;
				INFOPLIST_FILE = ExerciseUITests/Info.plist;
				LD_RUNPATH_SEARCH_PATHS = "$(inherited) @executable_path/Frameworks @loader_path/Frameworks";
				PRODUCT_BUNDLE_IDENTIFIER = "no-1.ExerciseUITests";
				PRODUCT_NAME = "$(TARGET_NAME)";
				SWIFT_VERSION = 4.0;
				TARGETED_DEVICE_FAMILY = "1,2";
				TEST_TARGET_NAME = Exercise;
			};
			name = Release;
		};
/* End XCBuildConfiguration section */

/* Begin XCConfigurationList section */
		E927961F1FA74A35006BD85E /* Build configuration list for PBXProject "Exercise" */ = {
			isa = XCConfigurationList;
			buildConfigurations = (
				E927964A1FA74A36006BD85E /* Debug */,
				E927964B1FA74A36006BD85E /* Release */,
			);
			defaultConfigurationIsVisible = 0;
			defaultConfigurationName = Release;
		};
		E927964C1FA74A36006BD85E /* Build configuration list for PBXNativeTarget "Exercise" */ = {
			isa = XCConfigurationList;
			buildConfigurations = (
				E927964D1FA74A36006BD85E /* Debug */,
				E927964E1FA74A36006BD85E /* Release */,
			);
			defaultConfigurationIsVisible = 0;
			defaultConfigurationName = Release;
		};
		E927964F1FA74A36006BD85E /* Build configuration list for PBXNativeTarget "ExerciseTests" */ = {
			isa = XCConfigurationList;
			buildConfigurations = (
				E92796501FA74A36006BD85E /* Debug */,
				E92796511FA74A36006BD85E /* Release */,
			);
			defaultConfigurationIsVisible = 0;
			defaultConfigurationName = Release;
		};
		E92796521FA74A36006BD85E /* Build configuration list for PBXNativeTarget "ExerciseUITests" */ = {
			isa = XCConfigurationList;
			buildConfigurations = (
				E92796531FA74A36006BD85E /* Debug */,
				E92796541FA74A36006BD85E /* Release */,
			);
			defaultConfigurationIsVisible = 0;
			defaultConfigurationName = Release;
		};
/* End XCConfigurationList section */
	};
	rootObject = E927961C1FA74A35006BD85E /* Project object */;
}
